
Microsoft Visual Studio Solution File, Format Version 12.00
# Visual Studio Version 17
VisualStudioVersion = 17.10.35013.160
MinimumVisualStudioVersion = 10.0.40219.1
Project("{FAE04EC0-301F-11D3-BF4B-00C04F79EFBC}") = "MyPortfolio", "MyPortfolio\MyPortfolio.csproj", "{57541A6E-4EEF-40BE-B22E-E7846AFC209D}"
EndProject
Global
	GlobalSection(SolutionConfigurationPlatforms) = preSolution
		Debug|Any CPU = Debug|Any CPU
		Release|Any CPU = Release|Any CPU
	EndGlobalSection
	GlobalSection(ProjectConfigurationPlatforms) = postSolution
		{57541A6E-4EEF-40BE-B22E-E7846AFC209D}.Debug|Any CPU.ActiveCfg = Debug|Any CPU
		{57541A6E-4EEF-40BE-B22E-E7846AFC209D}.Debug|Any CPU.Build.0 = Debug|Any CPU
		{57541A6E-4EEF-40BE-B22E-E7846AFC209D}.Release|Any CPU.ActiveCfg = Release|Any CPU
		{57541A6E-4EEF-40BE-B22E-E7846AFC209D}.Release|Any CPU.Build.0 = Release|Any CPU
	EndGlobalSection
	GlobalSection(SolutionProperties) = preSolution
		HideSolutionNode = FALSE
	EndGlobalSection
	GlobalSection(ExtensibilityGlobals) = postSolution
		SolutionGuid = {F00AC29D-C692-4150-ABE6-C3A5CC95EA56}
	EndGlobalSection
EndGlobal
